<?xml version="1.0" encoding="utf-8"?>
<Project ToolsVersion="4.0" xmlns="http://schemas.microsoft.com/developer/msbuild/2003">
  <ItemGroup>
    <ClCompile Include="main.cpp" />
    <ClCompile Include="Chapter-01-기초 지식\Section-01-종료점 만들기\01-01-01-endpoint_client.cpp" />
    <ClCompile Include="Chapter-01-기초 지식\Section-01-종료점 만들기\01-01-02-endpoint_server.cpp" />
    <ClCompile Include="Chapter-01-기초 지식\Section-02-능동 소켓 만들기\01-02-01-active_socket.cpp" />
    <ClCompile Include="Chapter-01-기초 지식\Section-02-능동 소켓 만들기\01-02-02-udp_active_socket_min.cpp" />
    <ClCompile Include="Chapter-01-기초 지식\Section-03-수동 소켓 만들기\01-03-01-passive_acceptor_socket.cpp" />
    <ClCompile Include="Chapter-01-기초 지식\Section-04-DNS 이름 해석하기\01-04-01-dns_query.cpp" />
    <ClCompile Include="Chapter-01-기초 지식\Section-05-종료점에 소켓 바인딩하기\01-05-01-socket_bind.cpp" />
    <ClCompile Include="Chapter-01-기초 지식\Section-05-종료점에 소켓 바인딩하기\01-05-02-udp_socket_bind.cpp" />
    <ClCompile Include="Chapter-01-기초 지식\Section-06-소켓 연결하기\01-06-02-advance_connect_socket.cpp" />
    <ClCompile Include="Chapter-01-기초 지식\Section-06-소켓 연결하기\01-06-01-connect_socket.cpp" />
    <ClCompile Include="Chapter-01-기초 지식\Section-07-연결 받아들이기\01-07-01-tcp_listen.cpp" />
    <ClCompile Include="Chapter-02-IO 연산\Section-01-크기가 고정된 IO 버퍼 사용하기\02-01-01-fixed_size_output_buffer.cpp" />
    <ClCompile Include="Chapter-02-IO 연산\Section-01-크기가 고정된 IO 버퍼 사용하기\02-01-02-fixed_size_input_buffer.cpp" />
    <ClCompile Include="Chapter-02-IO 연산\Section-02-확장 가능한 스트림 기반 IO 버퍼 사용하기\02-02-01-asio_streambuf.cpp" />
    <ClCompile Include="Chapter-02-IO 연산\Section-03-TCP 소켓에서 동기적으로 쓰기\02-03-01-sync_write.cpp" />
    <ClCompile Include="Chapter-02-IO 연산\Section-04-TCP 소켓에서 동기적으로 읽기\02-04-01-sync_read.cpp" />
    <ClCompile Include="Chapter-02-IO 연산\Section-05-TCP 소켓에서 비동기적으로 쓰기\02-05-01-asnyc_write.cpp" />
    <ClCompile Include="Chapter-02-IO 연산\Section-05-TCP 소켓에서 비동기적으로 쓰기\02-05-02-asnyc_write_enhanced.cpp" />
    <ClCompile Include="Chapter-02-IO 연산\Section-06-TCP 소켓에서 비동기적으로 읽기\02-06-01-asnyc_read.cpp" />
    <ClCompile Include="Chapter-02-IO 연산\Section-06-TCP 소켓에서 비동기적으로 읽기\02-06-02-asnyc_read_enhanced.cpp" />
    <ClCompile Include="Chapter-02-IO 연산\Section-07-비동기 연산 취소하기\02-07-01-cancel_async.cpp" />
    <ClCompile Include="Chapter-02-IO 연산\Section-08-소켓 종료하기와 닫기\02-08-01-shutdown_client.cpp" />
    <ClCompile Include="Chapter-02-IO 연산\Section-08-소켓 종료하기와 닫기\02-08-02-shutdown_server.cpp" />
    <ClCompile Include="Chapter-03-클라이언트 애플리케이션 구현\Section-01-동기 TCP 클라이언트 구현하기\03-01-01-sync_tcp_client.cpp" />
    <ClCompile Include="Chapter-03-클라이언트 애플리케이션 구현\Section-02-동기 UDP 클라이언트 구현하기\03-02-01-sync_udp_client.cpp" />
    <ClCompile Include="Chapter-03-클라이언트 애플리케이션 구현\Section-03-비동기 TCP 클라이언트 구현하기\03-03-01-multi_thread_async_tcp_client.cpp" />
    <ClCompile Include="Chapter-04-서버 애플리케이션 구현\Section-01-반복적 동기 TCP 서버 구현하기\04-01-01-loop_sync_server.cpp" />
    <ClCompile Include="Chapter-04-서버 애플리케이션 구현\Section-02-병렬 동기 TCP 서버\04-02-01-parallel_sync_tcp_server.cpp" />
    <ClCompile Include="Chapter-04-서버 애플리케이션 구현\Section-03-비동기 TCP 서버 구현하기\04-03-01-async_tcp_server.cpp" />
    <ClCompile Include="Chapter-05-HTTP와 SSL TLS\Section-01-HTTP 클라이언트 애플리케이션 구현하기\05-01-01-http_client.cpp" />
    <ClCompile Include="Chapter-05-HTTP와 SSL TLS\Section-02-HTTP 서버 애플리케이션 구현하기\05-02-01-http_server.cpp" />
    <ClCompile Include="Chapter-05-HTTP와 SSL TLS\Section-03-클라이언트 애플리케이션에서 SSL TLS 지원하기\05-03-01-ssl_sync_tcp_client.cpp" />
    <ClCompile Include="Chapter-05-HTTP와 SSL TLS\Section-04-서버 애플리케이션에서 SSL TLS 지원하기\05-04-01-ssl_loop_sync_server.cpp" />
    <ClCompile Include="Chapter-06-기타\Section-01-분산 수집 연산을 위해 결합 버퍼 사용하기\06-01-01-combination_const_buffer.cpp" />
    <ClCompile Include="Chapter-06-기타\Section-01-분산 수집 연산을 위해 결합 버퍼 사용하기\06-01-02-combination_mutable_buffer.cpp" />
    <ClCompile Include="Chapter-06-기타\Section-02-타이머 사용하기\06-02-01-timer.cpp" />
    <ClCompile Include="Chapter-06-기타\Section-03-소켓 연산 설정하기와 설정 알아보기\06-03-01-socket_option.cpp" />
    <ClCompile Include="Chapter-06-기타\Section-04-스트림 기반 IO 수행하기\06-04-01-stream_io.cpp" />
    <ClCompile Include="Chapter-06-기타\Section-05-시간 제한 설정하기\06-05-01-stream_io_timer.cpp" />
  </ItemGroup>
  <ItemGroup>
    <None Include="ClassDiagram.cd" />
  </ItemGroup>
</Project>